
Microsoft Visual Studio Solution File, Format Version 12.00
# Visual Studio Version 16
VisualStudioVersion = 16.0.29215.179
MinimumVisualStudioVersion = 10.0.40219.1
Project("{FAE04EC0-301F-11D3-BF4B-00C04F79EFBC}") = "TD Loader", "TD Loader.csproj", "{24380DFE-D4BE-41F4-B4DD-EFE7D0EA64AD}"
EndProject
Global
	GlobalSection(SolutionConfigurationPlatforms) = preSolution
		Debug|Any CPU = Debug|Any CPU
		Release|Any CPU = Release|Any CPU
	EndGlobalSection
	GlobalSection(ProjectConfigurationPlatforms) = postSolution
		{24380DFE-D4BE-41F4-B4DD-EFE7D0EA64AD}.Debug|Any CPU.ActiveCfg = Debug|Any CPU
		{24380DFE-D4BE-41F4-B4DD-EFE7D0EA64AD}.Debug|Any CPU.Build.0 = Debug|Any CPU
		{24380DFE-D4BE-41F4-B4DD-EFE7D0EA64AD}.Release|Any CPU.ActiveCfg = Release|Any CPU
		{24380DFE-D4BE-41F4-B4DD-EFE7D0EA64AD}.Release|Any CPU.Build.0 = Release|Any CPU
	EndGlobalSection
	GlobalSection(SolutionProperties) = preSolution
		HideSolutionNode = FALSE
	EndGlobalSection
	GlobalSection(ExtensibilityGlobals) = postSolution
		SolutionGuid = {0A150D27-3628-4150-8FBF-0A26D24E7C01}
	EndGlobalSection
EndGlobal
